// !$*UTF8*$!
{
	archiveVersion = 1;
	classes = {
	};
	objectVersion = 46;
	objects = {

/* Begin PBXBuildFile section */
		04E1F75C24786F5854A91E56 /* Pods_PictureSearch.framework in Frameworks */ = {isa = PBXBuildFile; fileRef = 042647A21EB82178449C123D /* Pods_PictureSearch.framework */; };
		0F385BA045C830E36CE337DA /* Pods_PictureSearchTests.framework in Frameworks */ = {isa = PBXBuildFile; fileRef = C2C82F2036932167B6BB29A8 /* Pods_PictureSearchTests.framework */; };
		702172CA9537321988DF4603 /* Pods_PictureSearchUITests.framework in Frameworks */ = {isa = PBXBuildFile; fileRef = 94B39277B903C2715B7FA45F /* Pods_PictureSearchUITests.framework */; };
		A746A7571D75F31E0086FE48 /* AppDelegate.swift in Sources */ = {isa = PBXBuildFile; fileRef = A746A7561D75F31E0086FE48 /* AppDelegate.swift */; };
		A746A75C1D75F31E0086FE48 /* Main.storyboard in Resources */ = {isa = PBXBuildFile; fileRef = A746A75A1D75F31E0086FE48 /* Main.storyboard */; };
		A746A75F1D75F31E0086FE48 /* PictureSearch.xcdatamodeld in Sources */ = {isa = PBXBuildFile; fileRef = A746A75D1D75F31E0086FE48 /* PictureSearch.xcdatamodeld */; };
		A746A7611D75F31E0086FE48 /* Assets.xcassets in Resources */ = {isa = PBXBuildFile; fileRef = A746A7601D75F31E0086FE48 /* Assets.xcassets */; };
		A746A7641D75F31E0086FE48 /* LaunchScreen.storyboard in Resources */ = {isa = PBXBuildFile; fileRef = A746A7621D75F31E0086FE48 /* LaunchScreen.storyboard */; };
		A746A76F1D75F31F0086FE48 /* PictureSearchTests.swift in Sources */ = {isa = PBXBuildFile; fileRef = A746A76E1D75F31F0086FE48 /* PictureSearchTests.swift */; };
		A746A77A1D75F31F0086FE48 /* PictureSearchUITests.swift in Sources */ = {isa = PBXBuildFile; fileRef = A746A7791D75F31F0086FE48 /* PictureSearchUITests.swift */; };
		A746A7881D760F8A0086FE48 /* PictureViewController.swift in Sources */ = {isa = PBXBuildFile; fileRef = A746A7871D760F8A0086FE48 /* PictureViewController.swift */; };
		A7F913591D77139700A3962E /* Secrets.swift in Sources */ = {isa = PBXBuildFile; fileRef = A7F913581D77139700A3962E /* Secrets.swift */; };
		A7F9135B1D77434F00A3962E /* PictureSearcher.swift in Sources */ = {isa = PBXBuildFile; fileRef = A7F9135A1D77434F00A3962E /* PictureSearcher.swift */; };
		A7F9135D1D77791000A3962E /* CollectionViewController.swift in Sources */ = {isa = PBXBuildFile; fileRef = A7F9135C1D77791000A3962E /* CollectionViewController.swift */; };
		A7F9135F1D77827C00A3962E /* PictureCollectionViewCell.swift in Sources */ = {isa = PBXBuildFile; fileRef = A7F9135E1D77827C00A3962E /* PictureCollectionViewCell.swift */; };
		A7F913611D7FF36A00A3962E /* PictureHeaderView.swift in Sources */ = {isa = PBXBuildFile; fileRef = A7F913601D7FF36A00A3962E /* PictureHeaderView.swift */; };
/* End PBXBuildFile section */

/* Begin PBXContainerItemProxy section */
		A746A76B1D75F31F0086FE48 /* PBXContainerItemProxy */ = {
			isa = PBXContainerItemProxy;
			containerPortal = A746A74B1D75F31E0086FE48 /* Project object */;
			proxyType = 1;
			remoteGlobalIDString = A746A7521D75F31E0086FE48;
			remoteInfo = PictureSearch;
		};
		A746A7761D75F31F0086FE48 /* PBXContainerItemProxy */ = {
			isa = PBXContainerItemProxy;
			containerPortal = A746A74B1D75F31E0086FE48 /* Project object */;
			proxyType = 1;
			remoteGlobalIDString = A746A7521D75F31E0086FE48;
			remoteInfo = PictureSearch;
		};
/* End PBXContainerItemProxy section */

/* Begin PBXFileReference section */
		042647A21EB82178449C123D /* Pods_PictureSearch.framework */ = {isa = PBXFileReference; explicitFileType = wrapper.framework; includeInIndex = 0; path = Pods_PictureSearch.framework; sourceTree = BUILT_PRODUCTS_DIR; };
		0A524DE06CB049E4F5AD5154 /* Pods-PictureSearchUITests.release.xcconfig */ = {isa = PBXFileReference; includeInIndex = 1; lastKnownFileType = text.xcconfig; name = "Pods-PictureSearchUITests.release.xcconfig"; path = "Pods/Target Support Files/Pods-PictureSearchUITests/Pods-PictureSearchUITests.release.xcconfig"; sourceTree = "<group>"; };
		3A4295975D50EE83ED30BCF6 /* Pods-PictureSearchTests.release.xcconfig */ = {isa = PBXFileReference; includeInIndex = 1; lastKnownFileType = text.xcconfig; name = "Pods-PictureSearchTests.release.xcconfig"; path = "Pods/Target Support Files/Pods-PictureSearchTests/Pods-PictureSearchTests.release.xcconfig"; sourceTree = "<group>"; };
		5628CF29A89CC87F1A10F519 /* Pods-PictureSearch.release.xcconfig */ = {isa = PBXFileReference; includeInIndex = 1; lastKnownFileType = text.xcconfig; name = "Pods-PictureSearch.release.xcconfig"; path = "Pods/Target Support Files/Pods-PictureSearch/Pods-PictureSearch.release.xcconfig"; sourceTree = "<group>"; };
		6B0540A2ADA61587D44CE3EF /* Pods-PictureSearch.debug.xcconfig */ = {isa = PBXFileReference; includeInIndex = 1; lastKnownFileType = text.xcconfig; name = "Pods-PictureSearch.debug.xcconfig"; path = "Pods/Target Support Files/Pods-PictureSearch/Pods-PictureSearch.debug.xcconfig"; sourceTree = "<group>"; };
		94B39277B903C2715B7FA45F /* Pods_PictureSearchUITests.framework */ = {isa = PBXFileReference; explicitFileType = wrapper.framework; includeInIndex = 0; path = Pods_PictureSearchUITests.framework; sourceTree = BUILT_PRODUCTS_DIR; };
		A746A7531D75F31E0086FE48 /* PictureSearch.app */ = {isa = PBXFileReference; explicitFileType = wrapper.application; includeInIndex = 0; path = PictureSearch.app; sourceTree = BUILT_PRODUCTS_DIR; };
		A746A7561D75F31E0086FE48 /* AppDelegate.swift */ = {isa = PBXFileReference; lastKnownFileType = sourcecode.swift; path = AppDelegate.swift; sourceTree = "<group>"; };
		A746A75B1D75F31E0086FE48 /* Base */ = {isa = PBXFileReference; lastKnownFileType = file.storyboard; name = Base; path = Base.lproj/Main.storyboard; sourceTree = "<group>"; };
		A746A75E1D75F31E0086FE48 /* PictureSearch.xcdatamodel */ = {isa = PBXFileReference; lastKnownFileType = wrapper.xcdatamodel; path = PictureSearch.xcdatamodel; sourceTree = "<group>"; };
		A746A7601D75F31E0086FE48 /* Assets.xcassets */ = {isa = PBXFileReference; lastKnownFileType = folder.assetcatalog; path = Assets.xcassets; sourceTree = "<group>"; };
		A746A7631D75F31E0086FE48 /* Base */ = {isa = PBXFileReference; lastKnownFileType = file.storyboard; name = Base; path = Base.lproj/LaunchScreen.storyboard; sourceTree = "<group>"; };
		A746A7651D75F31E0086FE48 /* Info.plist */ = {isa = PBXFileReference; lastKnownFileType = text.plist.xml; path = Info.plist; sourceTree = "<group>"; };
		A746A76A1D75F31F0086FE48 /* PictureSearchTests.xctest */ = {isa = PBXFileReference; explicitFileType = wrapper.cfbundle; includeInIndex = 0; path = PictureSearchTests.xctest; sourceTree = BUILT_PRODUCTS_DIR; };
		A746A76E1D75F31F0086FE48 /* PictureSearchTests.swift */ = {isa = PBXFileReference; lastKnownFileType = sourcecode.swift; path = PictureSearchTests.swift; sourceTree = "<group>"; };
		A746A7701D75F31F0086FE48 /* Info.plist */ = {isa = PBXFileReference; lastKnownFileType = text.plist.xml; path = Info.plist; sourceTree = "<group>"; };
		A746A7751D75F31F0086FE48 /* PictureSearchUITests.xctest */ = {isa = PBXFileReference; explicitFileType = wrapper.cfbundle; includeInIndex = 0; path = PictureSearchUITests.xctest; sourceTree = BUILT_PRODUCTS_DIR; };
		A746A7791D75F31F0086FE48 /* PictureSearchUITests.swift */ = {isa = PBXFileReference; lastKnownFileType = sourcecode.swift; path = PictureSearchUITests.swift; sourceTree = "<group>"; };
		A746A77B1D75F31F0086FE48 /* Info.plist */ = {isa = PBXFileReference; lastKnownFileType = text.plist.xml; path = Info.plist; sourceTree = "<group>"; };
		A746A7871D760F8A0086FE48 /* PictureViewController.swift */ = {isa = PBXFileReference; fileEncoding = 4; lastKnownFileType = sourcecode.swift; path = PictureViewController.swift; sourceTree = "<group>"; };
		A7F913581D77139700A3962E /* Secrets.swift */ = {isa = PBXFileReference; fileEncoding = 4; lastKnownFileType = sourcecode.swift; path = Secrets.swift; sourceTree = "<group>"; };
		A7F9135A1D77434F00A3962E /* PictureSearcher.swift */ = {isa = PBXFileReference; fileEncoding = 4; lastKnownFileType = sourcecode.swift; path = PictureSearcher.swift; sourceTree = "<group>"; };
		A7F9135C1D77791000A3962E /* CollectionViewController.swift */ = {isa = PBXFileReference; fileEncoding = 4; lastKnownFileType = sourcecode.swift; path = CollectionViewController.swift; sourceTree = "<group>"; };
		A7F9135E1D77827C00A3962E /* PictureCollectionViewCell.swift */ = {isa = PBXFileReference; fileEncoding = 4; lastKnownFileType = sourcecode.swift; path = PictureCollectionViewCell.swift; sourceTree = "<group>"; };
		A7F913601D7FF36A00A3962E /* PictureHeaderView.swift */ = {isa = PBXFileReference; fileEncoding = 4; lastKnownFileType = sourcecode.swift; path = PictureHeaderView.swift; sourceTree = "<group>"; };
		BAAEF61E2DB495AB4BEC01BD /* Pods-PictureSearchUITests.debug.xcconfig */ = {isa = PBXFileReference; includeInIndex = 1; lastKnownFileType = text.xcconfig; name = "Pods-PictureSearchUITests.debug.xcconfig"; path = "Pods/Target Support Files/Pods-PictureSearchUITests/Pods-PictureSearchUITests.debug.xcconfig"; sourceTree = "<group>"; };
		C2C82F2036932167B6BB29A8 /* Pods_PictureSearchTests.framework */ = {isa = PBXFileReference; explicitFileType = wrapper.framework; includeInIndex = 0; path = Pods_PictureSearchTests.framework; sourceTree = BUILT_PRODUCTS_DIR; };
		CCEA521AE9EAA9D60420218F /* Pods-PictureSearchTests.debug.xcconfig */ = {isa = PBXFileReference; includeInIndex = 1; lastKnownFileType = text.xcconfig; name = "Pods-PictureSearchTests.debug.xcconfig"; path = "Pods/Target Support Files/Pods-PictureSearchTests/Pods-PictureSearchTests.debug.xcconfig"; sourceTree = "<group>"; };
/* End PBXFileReference section */

/* Begin PBXFrameworksBuildPhase section */
		A746A7501D75F31E0086FE48 /* Frameworks */ = {
			isa = PBXFrameworksBuildPhase;
			buildActionMask = 2147483647;
			files = (
				04E1F75C24786F5854A91E56 /* Pods_PictureSearch.framework in Frameworks */,
			);
			runOnlyForDeploymentPostprocessing = 0;
		};
		A746A7671D75F31F0086FE48 /* Frameworks */ = {
			isa = PBXFrameworksBuildPhase;
			buildActionMask = 2147483647;
			files = (
				0F385BA045C830E36CE337DA /* Pods_PictureSearchTests.framework in Frameworks */,
			);
			runOnlyForDeploymentPostprocessing = 0;
		};
		A746A7721D75F31F0086FE48 /* Frameworks */ = {
			isa = PBXFrameworksBuildPhase;
			buildActionMask = 2147483647;
			files = (
				702172CA9537321988DF4603 /* Pods_PictureSearchUITests.framework in Frameworks */,
			);
			runOnlyForDeploymentPostprocessing = 0;
		};
/* End PBXFrameworksBuildPhase section */

/* Begin PBXGroup section */
		3D8FD546A7C5A4A4C003F359 /* Frameworks */ = {
			isa = PBXGroup;
			children = (
				042647A21EB82178449C123D /* Pods_PictureSearch.framework */,
				C2C82F2036932167B6BB29A8 /* Pods_PictureSearchTests.framework */,
				94B39277B903C2715B7FA45F /* Pods_PictureSearchUITests.framework */,
			);
			name = Frameworks;
			sourceTree = "<group>";
		};
		A746A74A1D75F31E0086FE48 = {
			isa = PBXGroup;
			children = (
				A746A7551D75F31E0086FE48 /* PictureSearch */,
				A746A76D1D75F31F0086FE48 /* PictureSearchTests */,
				A746A7781D75F31F0086FE48 /* PictureSearchUITests */,
				A746A7541D75F31E0086FE48 /* Products */,
				B3F5720FD6DABE1383392376 /* Pods */,
				3D8FD546A7C5A4A4C003F359 /* Frameworks */,
			);
			sourceTree = "<group>";
		};
		A746A7541D75F31E0086FE48 /* Products */ = {
			isa = PBXGroup;
			children = (
				A746A7531D75F31E0086FE48 /* PictureSearch.app */,
				A746A76A1D75F31F0086FE48 /* PictureSearchTests.xctest */,
				A746A7751D75F31F0086FE48 /* PictureSearchUITests.xctest */,
			);
			name = Products;
			sourceTree = "<group>";
		};
		A746A7551D75F31E0086FE48 /* PictureSearch */ = {
			isa = PBXGroup;
			children = (
				A746A7561D75F31E0086FE48 /* AppDelegate.swift */,
				A746A75A1D75F31E0086FE48 /* Main.storyboard */,
				A7F9135E1D77827C00A3962E /* PictureCollectionViewCell.swift */,
				A7F913601D7FF36A00A3962E /* PictureHeaderView.swift */,
				A746A7871D760F8A0086FE48 /* PictureViewController.swift */,
				A7F9135A1D77434F00A3962E /* PictureSearcher.swift */,
				A7F9135C1D77791000A3962E /* CollectionViewController.swift */,
				A746A7601D75F31E0086FE48 /* Assets.xcassets */,
				A746A7621D75F31E0086FE48 /* LaunchScreen.storyboard */,
				A7F913581D77139700A3962E /* Secrets.swift */,
				A746A7651D75F31E0086FE48 /* Info.plist */,
				A746A75D1D75F31E0086FE48 /* PictureSearch.xcdatamodeld */,
			);
			path = PictureSearch;
			sourceTree = "<group>";
		};
		A746A76D1D75F31F0086FE48 /* PictureSearchTests */ = {
			isa = PBXGroup;
			children = (
				A746A76E1D75F31F0086FE48 /* PictureSearchTests.swift */,
				A746A7701D75F31F0086FE48 /* Info.plist */,
			);
			path = PictureSearchTests;
			sourceTree = "<group>";
		};
		A746A7781D75F31F0086FE48 /* PictureSearchUITests */ = {
			isa = PBXGroup;
			children = (
				A746A7791D75F31F0086FE48 /* PictureSearchUITests.swift */,
				A746A77B1D75F31F0086FE48 /* Info.plist */,
			);
			path = PictureSearchUITests;
			sourceTree = "<group>";
		};
		B3F5720FD6DABE1383392376 /* Pods */ = {
			isa = PBXGroup;
			children = (
				6B0540A2ADA61587D44CE3EF /* Pods-PictureSearch.debug.xcconfig */,
				5628CF29A89CC87F1A10F519 /* Pods-PictureSearch.release.xcconfig */,
				CCEA521AE9EAA9D60420218F /* Pods-PictureSearchTests.debug.xcconfig */,
				3A4295975D50EE83ED30BCF6 /* Pods-PictureSearchTests.release.xcconfig */,
				BAAEF61E2DB495AB4BEC01BD /* Pods-PictureSearchUITests.debug.xcconfig */,
				0A524DE06CB049E4F5AD5154 /* Pods-PictureSearchUITests.release.xcconfig */,
			);
			name = Pods;
			sourceTree = "<group>";
		};
/* End PBXGroup section */

/* Begin PBXNativeTarget section */
		A746A7521D75F31E0086FE48 /* PictureSearch */ = {
			isa = PBXNativeTarget;
			buildConfigurationList = A746A77E1D75F31F0086FE48 /* Build configuration list for PBXNativeTarget "PictureSearch" */;
			buildPhases = (
				314B1396645735803174E2D6 /* [CP] Check Pods Manifest.lock */,
				A746A74F1D75F31E0086FE48 /* Sources */,
				A746A7501D75F31E0086FE48 /* Frameworks */,
				A746A7511D75F31E0086FE48 /* Resources */,
				48F583647B4E217604F0C6C5 /* [CP] Embed Pods Frameworks */,
				7F580E34FA33370F4D41DAE1 /* [CP] Copy Pods Resources */,
			);
			buildRules = (
			);
			dependencies = (
			);
			name = PictureSearch;
			productName = PictureSearch;
			productReference = A746A7531D75F31E0086FE48 /* PictureSearch.app */;
			productType = "com.apple.product-type.application";
		};
		A746A7691D75F31F0086FE48 /* PictureSearchTests */ = {
			isa = PBXNativeTarget;
			buildConfigurationList = A746A7811D75F31F0086FE48 /* Build configuration list for PBXNativeTarget "PictureSearchTests" */;
			buildPhases = (
				5CA0C3B835F6584D7268B7F4 /* [CP] Check Pods Manifest.lock */,
				A746A7661D75F31F0086FE48 /* Sources */,
				A746A7671D75F31F0086FE48 /* Frameworks */,
				A746A7681D75F31F0086FE48 /* Resources */,
				D5EE96A7DF1AA20C4E000C01 /* [CP] Embed Pods Frameworks */,
				1B9E6A443D547EBA38E76C0D /* [CP] Copy Pods Resources */,
			);
			buildRules = (
			);
			dependencies = (
				A746A76C1D75F31F0086FE48 /* PBXTargetDependency */,
			);
			name = PictureSearchTests;
			productName = PictureSearchTests;
			productReference = A746A76A1D75F31F0086FE48 /* PictureSearchTests.xctest */;
			productType = "com.apple.product-type.bundle.unit-test";
		};
		A746A7741D75F31F0086FE48 /* PictureSearchUITests */ = {
			isa = PBXNativeTarget;
			buildConfigurationList = A746A7841D75F31F0086FE48 /* Build configuration list for PBXNativeTarget "PictureSearchUITests" */;
			buildPhases = (
				D78FE34024B23E922AC7566D /* [CP] Check Pods Manifest.lock */,
				A746A7711D75F31F0086FE48 /* Sources */,
				A746A7721D75F31F0086FE48 /* Frameworks */,
				A746A7731D75F31F0086FE48 /* Resources */,
				AA9CD6BC0C4E77F91AA0B5BE /* [CP] Copy Pods Resources */,
			);
			buildRules = (
			);
			dependencies = (
				A746A7771D75F31F0086FE48 /* PBXTargetDependency */,
			);
			name = PictureSearchUITests;
			productName = PictureSearchUITests;
			productReference = A746A7751D75F31F0086FE48 /* PictureSearchUITests.xctest */;
			productType = "com.apple.product-type.bundle.ui-testing";
		};
/* End PBXNativeTarget section */

/* Begin PBXProject section */
		A746A74B1D75F31E0086FE48 /* Project object */ = {
			isa = PBXProject;
			attributes = {
				LastSwiftUpdateCheck = 0730;
				LastUpgradeCheck = 0730;
				ORGANIZATIONNAME = Ugowe;
				TargetAttributes = {
					A746A7521D75F31E0086FE48 = {
						CreatedOnToolsVersion = 7.3.1;
					};
					A746A7691D75F31F0086FE48 = {
						CreatedOnToolsVersion = 7.3.1;
						TestTargetID = A746A7521D75F31E0086FE48;
					};
					A746A7741D75F31F0086FE48 = {
						CreatedOnToolsVersion = 7.3.1;
						TestTargetID = A746A7521D75F31E0086FE48;
					};
				};
			};
			buildConfigurationList = A746A74E1D75F31E0086FE48 /* Build configuration list for PBXProject "PictureSearch" */;
			compatibilityVersion = "Xcode 3.2";
			developmentRegion = English;
			hasScannedForEncodings = 0;
			knownRegions = (
				en,
				Base,
			);
			mainGroup = A746A74A1D75F31E0086FE48;
			productRefGroup = A746A7541D75F31E0086FE48 /* Products */;
			projectDirPath = "";
			projectRoot = "";
			targets = (
				A746A7521D75F31E0086FE48 /* PictureSearch */,
				A746A7691D75F31F0086FE48 /* PictureSearchTests */,
				A746A7741D75F31F0086FE48 /* PictureSearchUITests */,
			);
		};
/* End PBXProject section */

/* Begin PBXResourcesBuildPhase section */
		A746A7511D75F31E0086FE48 /* Resources */ = {
			isa = PBXResourcesBuildPhase;
			buildActionMask = 2147483647;
			files = (
				A746A7641D75F31E0086FE48 /* LaunchScreen.storyboard in Resources */,
				A746A7611D75F31E0086FE48 /* Assets.xcassets in Resources */,
				A746A75C1D75F31E0086FE48 /* Main.storyboard in Resources */,
			);
			runOnlyForDeploymentPostprocessing = 0;
		};
		A746A7681D75F31F0086FE48 /* Resources */ = {
			isa = PBXResourcesBuildPhase;
			buildActionMask = 2147483647;
			files = (
			);
			runOnlyForDeploymentPostprocessing = 0;
		};
		A746A7731D75F31F0086FE48 /* Resources */ = {
			isa = PBXResourcesBuildPhase;
			buildActionMask = 2147483647;
			files = (
			);
			runOnlyForDeploymentPostprocessing = 0;
		};
/* End PBXResourcesBuildPhase section */

/* Begin PBXShellScriptBuildPhase section */
		1B9E6A443D547EBA38E76C0D /* [CP] Copy Pods Resources */ = {
			isa = PBXShellScriptBuildPhase;
			buildActionMask = 2147483647;
			files = (
			);
			inputPaths = (
			);
			name = "[CP] Copy Pods Resources";
			outputPaths = (
			);
			runOnlyForDeploymentPostprocessing = 0;
			shellPath = /bin/sh;
			shellScript = "\"${SRCROOT}/Pods/Target Support Files/Pods-PictureSearchTests/Pods-PictureSearchTests-resources.sh\"\n";
			showEnvVarsInLog = 0;
		};
		314B1396645735803174E2D6 /* [CP] Check Pods Manifest.lock */ = {
			isa = PBXShellScriptBuildPhase;
			buildActionMask = 2147483647;
			files = (
			);
			inputPaths = (
			);
			name = "[CP] Check Pods Manifest.lock";
			outputPaths = (
			);
			runOnlyForDeploymentPostprocessing = 0;
			shellPath = /bin/sh;
			shellScript = "diff \"${PODS_ROOT}/../Podfile.lock\" \"${PODS_ROOT}/Manifest.lock\" > /dev/null\nif [[ $? != 0 ]] ; then\n    cat << EOM\nerror: The sandbox is not in sync with the Podfile.lock. Run 'pod install' or update your CocoaPods installation.\nEOM\n    exit 1\nfi\n";
			showEnvVarsInLog = 0;
		};
		48F583647B4E217604F0C6C5 /* [CP] Embed Pods Frameworks */ = {
			isa = PBXShellScriptBuildPhase;
			buildActionMask = 2147483647;
			files = (
			);
			inputPaths = (
			);
			name = "[CP] Embed Pods Frameworks";
			outputPaths = (
			);
			runOnlyForDeploymentPostprocessing = 0;
			shellPath = /bin/sh;
			shellScript = "\"${SRCROOT}/Pods/Target Support Files/Pods-PictureSearch/Pods-PictureSearch-frameworks.sh\"\n";
			showEnvVarsInLog = 0;
		};
		5CA0C3B835F6584D7268B7F4 /* [CP] Check Pods Manifest.lock */ = {
			isa = PBXShellScriptBuildPhase;
			buildActionMask = 2147483647;
			files = (
			);
			inputPaths = (
			);
			name = "[CP] Check Pods Manifest.lock";
			outputPaths = (
			);
			runOnlyForDeploymentPostprocessing = 0;
			shellPath = /bin/sh;
			shellScript = "diff \"${PODS_ROOT}/../Podfile.lock\" \"${PODS_ROOT}/Manifest.lock\" > /dev/null\nif [[ $? != 0 ]] ; then\n    cat << EOM\nerror: The sandbox is not in sync with the Podfile.lock. Run 'pod install' or update your CocoaPods installation.\nEOM\n    exit 1\nfi\n";
			showEnvVarsInLog = 0;
		};
		7F580E34FA33370F4D41DAE1 /* [CP] Copy Pods Resources */ = {
			isa = PBXShellScriptBuildPhase;
			buildActionMask = 2147483647;
			files = (
			);
			inputPaths = (
			);
			name = "[CP] Copy Pods Resources";
			outputPaths = (
			);
			runOnlyForDeploymentPostprocessing = 0;
			shellPath = /bin/sh;
			shellScript = "\"${SRCROOT}/Pods/Target Support Files/Pods-PictureSearch/Pods-PictureSearch-resources.sh\"\n";
			showEnvVarsInLog = 0;
		};
		AA9CD6BC0C4E77F91AA0B5BE /* [CP] Copy Pods Resources */ = {
			isa = PBXShellScriptBuildPhase;
			buildActionMask = 2147483647;
			files = (
			);
			inputPaths = (
			);
			name = "[CP] Copy Pods Resources";
			outputPaths = (
			);
			runOnlyForDeploymentPostprocessing = 0;
			shellPath = /bin/sh;
			shellScript = "\"${SRCROOT}/Pods/Target Support Files/Pods-PictureSearchUITests/Pods-PictureSearchUITests-resources.sh\"\n";
			showEnvVarsInLog = 0;
		};
		D5EE96A7DF1AA20C4E000C01 /* [CP] Embed Pods Frameworks */ = {
			isa = PBXShellScriptBuildPhase;
			buildActionMask = 2147483647;
			files = (
			);
			inputPaths = (
			);
			name = "[CP] Embed Pods Frameworks";
			outputPaths = (
			);
			runOnlyForDeploymentPostprocessing = 0;
			shellPath = /bin/sh;
			shellScript = "\"${SRCROOT}/Pods/Target Support Files/Pods-PictureSearchTests/Pods-PictureSearchTests-frameworks.sh\"\n";
			showEnvVarsInLog = 0;
		};
		D78FE34024B23E922AC7566D /* [CP] Check Pods Manifest.lock */ = {
			isa = PBXShellScriptBuildPhase;
			buildActionMask = 2147483647;
			files = (
			);
			inputPaths = (
			);
			name = "[CP] Check Pods Manifest.lock";
			outputPaths = (
			);
			runOnlyForDeploymentPostprocessing = 0;
			shellPath = /bin/sh;
			shellScript = "diff \"${PODS_ROOT}/../Podfile.lock\" \"${PODS_ROOT}/Manifest.lock\" > /dev/null\nif [[ $? != 0 ]] ; then\n    cat << EOM\nerror: The sandbox is not in sync with the Podfile.lock. Run 'pod install' or update your CocoaPods installation.\nEOM\n    exit 1\nfi\n";
			showEnvVarsInLog = 0;
		};
/* End PBXShellScriptBuildPhase section */

/* Begin PBXSourcesBuildPhase section */
		A746A74F1D75F31E0086FE48 /* Sources */ = {
			isa = PBXSourcesBuildPhase;
			buildActionMask = 2147483647;
			files = (
				A7F9135F1D77827C00A3962E /* PictureCollectionViewCell.swift in Sources */,
				A7F913611D7FF36A00A3962E /* PictureHeaderView.swift in Sources */,
				A7F9135D1D77791000A3962E /* CollectionViewController.swift in Sources */,
				A746A75F1D75F31E0086FE48 /* PictureSearch.xcdatamodeld in Sources */,
				A7F9135B1D77434F00A3962E /* PictureSearcher.swift in Sources */,
				A7F913591D77139700A3962E /* Secrets.swift in Sources */,
				A746A7571D75F31E0086FE48 /* AppDelegate.swift in Sources */,
				A746A7881D760F8A0086FE48 /* PictureViewController.swift in Sources */,
			);
			runOnlyForDeploymentPostprocessing = 0;
		};
		A746A7661D75F31F0086FE48 /* Sources */ = {
			isa = PBXSourcesBuildPhase;
			buildActionMask = 2147483647;
			files = (
				A746A76F1D75F31F0086FE48 /* PictureSearchTests.swift in Sources */,
			);
			runOnlyForDeploymentPostprocessing = 0;
		};
		A746A7711D75F31F0086FE48 /* Sources */ = {
			isa = PBXSourcesBuildPhase;
			buildActionMask = 2147483647;
			files = (
				A746A77A1D75F31F0086FE48 /* PictureSearchUITests.swift in Sources */,
			);
			runOnlyForDeploymentPostprocessing = 0;
		};
/* End PBXSourcesBuildPhase section */

/* Begin PBXTargetDependency section */
		A746A76C1D75F31F0086FE48 /* PBXTargetDependency */ = {
			isa = PBXTargetDependency;
			target = A746A7521D75F31E0086FE48 /* PictureSearch */;
			targetProxy = A746A76B1D75F31F0086FE48 /* PBXContainerItemProxy */;
		};
		A746A7771D75F31F0086FE48 /* PBXTargetDependency */ = {
			isa = PBXTargetDependency;
			target = A746A7521D75F31E0086FE48 /* PictureSearch */;
			targetProxy = A746A7761D75F31F0086FE48 /* PBXContainerItemProxy */;
		};
/* End PBXTargetDependency section */

/* Begin PBXVariantGroup section */
		A746A75A1D75F31E0086FE48 /* Main.storyboard */ = {
			isa = PBXVariantGroup;
			children = (
				A746A75B1D75F31E0086FE48 /* Base */,
			);
			name = Main.storyboard;
			sourceTree = "<group>";
		};
		A746A7621D75F31E0086FE48 /* LaunchScreen.storyboard */ = {
			isa = PBXVariantGroup;
			children = (
				A746A7631D75F31E0086FE48 /* Base */,
			);
			name = LaunchScreen.storyboard;
			sourceTree = "<group>";
		};
/* End PBXVariantGroup section */

/* Begin XCBuildConfiguration section */
		A746A77C1D75F31F0086FE48 /* Debug */ = {
			isa = XCBuildConfiguration;
			buildSettings = {
				ALWAYS_SEARCH_USER_PATHS = NO;
				CLANG_ANALYZER_NONNULL = YES;
				CLANG_CXX_LANGUAGE_STANDARD = "gnu++0x";
				CLANG_CXX_LIBRARY = "libc++";
				CLANG_ENABLE_MODULES = YES;
				CLANG_ENABLE_OBJC_ARC = YES;
				CLANG_WARN_BOOL_CONVERSION = YES;
				CLANG_WARN_CONSTANT_CONVERSION = YES;
				CLANG_WARN_DIRECT_OBJC_ISA_USAGE = YES_ERROR;
				CLANG_WARN_EMPTY_BODY = YES;
				CLANG_WARN_ENUM_CONVERSION = YES;
				CLANG_WARN_INT_CONVERSION = YES;
				CLANG_WARN_OBJC_ROOT_CLASS = YES_ERROR;
				CLANG_WARN_UNREACHABLE_CODE = YES;
				CLANG_WARN__DUPLICATE_METHOD_MATCH = YES;
				"CODE_SIGN_IDENTITY[sdk=iphoneos*]" = "iPhone Developer";
				COPY_PHASE_STRIP = NO;
				DEBUG_INFORMATION_FORMAT = dwarf;
				ENABLE_STRICT_OBJC_MSGSEND = YES;
				ENABLE_TESTABILITY = YES;
				GCC_C_LANGUAGE_STANDARD = gnu99;
				GCC_DYNAMIC_NO_PIC = NO;
				GCC_NO_COMMON_BLOCKS = YES;
				GCC_OPTIMIZATION_LEVEL = 0;
				GCC_PREPROCESSOR_DEFINITIONS = (
					"DEBUG=1",
					"$(inherited)",
				);
				GCC_WARN_64_TO_32_BIT_CONVERSION = YES;
				GCC_WARN_ABOUT_RETURN_TYPE = YES_ERROR;
				GCC_WARN_UNDECLARED_SELECTOR = YES;
				GCC_WARN_UNINITIALIZED_AUTOS = YES_AGGRESSIVE;
				GCC_WARN_UNUSED_FUNCTION = YES;
				GCC_WARN_UNUSED_VARIABLE = YES;
				IPHONEOS_DEPLOYMENT_TARGET = 9.3;
				MTL_ENABLE_DEBUG_INFO = YES;
				ONLY_ACTIVE_ARCH = YES;
				SDKROOT = iphoneos;
				SWIFT_OPTIMIZATION_LEVEL = "-Onone";
				TARGETED_DEVICE_FAMILY = "1,2";
			};
			name = Debug;
		};
		A746A77D1D75F31F0086FE48 /* Release */ = {
			isa = XCBuildConfiguration;
			buildSettings = {
				ALWAYS_SEARCH_USER_PATHS = NO;
				CLANG_ANALYZER_NONNULL = YES;
				CLANG_CXX_LANGUAGE_STANDARD = "gnu++0x";
				CLANG_CXX_LIBRARY = "libc++";
				CLANG_ENABLE_MODULES = YES;
				CLANG_ENABLE_OBJC_ARC = YES;
				CLANG_WARN_BOOL_CONVERSION = YES;
				CLANG_WARN_CONSTANT_CONVERSION = YES;
				CLANG_WARN_DIRECT_OBJC_ISA_USAGE = YES_ERROR;
				CLANG_WARN_EMPTY_BODY = YES;
				CLANG_WARN_ENUM_CONVERSION = YES;
				CLANG_WARN_INT_CONVERSION = YES;
				CLANG_WARN_OBJC_ROOT_CLASS = YES_ERROR;
				CLANG_WARN_UNREACHABLE_CODE = YES;
				CLANG_WARN__DUPLICATE_METHOD_MATCH = YES;
				"CODE_SIGN_IDENTITY[sdk=iphoneos*]" = "iPhone Developer";
				COPY_PHASE_STRIP = NO;
				DEBUG_INFORMATION_FORMAT = "dwarf-with-dsym";
				ENABLE_NS_ASSERTIONS = NO;
				ENABLE_STRICT_OBJC_MSGSEND = YES;
				GCC_C_LANGUAGE_STANDARD = gnu99;
				GCC_NO_COMMON_BLOCKS = YES;
				GCC_WARN_64_TO_32_BIT_CONVERSION = YES;
				GCC_WARN_ABOUT_RETURN_TYPE = YES_ERROR;
				GCC_WARN_UNDECLARED_SELECTOR = YES;
				GCC_WARN_UNINITIALIZED_AUTOS = YES_AGGRESSIVE;
				GCC_WARN_UNUSED_FUNCTION = YES;
				GCC_WARN_UNUSED_VARIABLE = YES;
				IPHONEOS_DEPLOYMENT_TARGET = 9.3;
				MTL_ENABLE_DEBUG_INFO = NO;
				SDKROOT = iphoneos;
				TARGETED_DEVICE_FAMILY = "1,2";
				VALIDATE_PRODUCT = YES;
			};
			name = Release;
		};
		A746A77F1D75F31F0086FE48 /* Debug */ = {
			isa = XCBuildConfiguration;
			baseConfigurationReference = 6B0540A2ADA61587D44CE3EF /* Pods-PictureSearch.debug.xcconfig */;
			buildSettings = {
				ASSETCATALOG_COMPILER_APPICON_NAME = AppIcon;
				INFOPLIST_FILE = PictureSearch/Info.plist;
				LD_RUNPATH_SEARCH_PATHS = "$(inherited) @executable_path/Frameworks";
				PRODUCT_BUNDLE_IDENTIFIER = JEU.PictureSearch;
				PRODUCT_NAME = "$(TARGET_NAME)";
			};
			name = Debug;
		};
		A746A7801D75F31F0086FE48 /* Release */ = {
			isa = XCBuildConfiguration;
			baseConfigurationReference = 5628CF29A89CC87F1A10F519 /* Pods-PictureSearch.release.xcconfig */;
			buildSettings = {
				ASSETCATALOG_COMPILER_APPICON_NAME = AppIcon;
				INFOPLIST_FILE = PictureSearch/Info.plist;
				LD_RUNPATH_SEARCH_PATHS = "$(inherited) @executable_path/Frameworks";
				PRODUCT_BUNDLE_IDENTIFIER = JEU.PictureSearch;
				PRODUCT_NAME = "$(TARGET_NAME)";
			};
			name = Release;
		};
		A746A7821D75F31F0086FE48 /* Debug */ = {
			isa = XCBuildConfiguration;
			baseConfigurationReference = CCEA521AE9EAA9D60420218F /* Pods-PictureSearchTests.debug.xcconfig */;
			buildSettings = {
				BUNDLE_LOADER = "$(TEST_HOST)";
				INFOPLIST_FILE = PictureSearchTests/Info.plist;
				LD_RUNPATH_SEARCH_PATHS = "$(inherited) @executable_path/Frameworks @loader_path/Frameworks";
				PRODUCT_BUNDLE_IDENTIFIER = JEU.PictureSearchTests;
				PRODUCT_NAME = "$(TARGET_NAME)";
				TEST_HOST = "$(BUILT_PRODUCTS_DIR)/PictureSearch.app/PictureSearch";
			};
			name = Debug;
		};
		A746A7831D75F31F0086FE48 /* Release */ = {
			isa = XCBuildConfiguration;
			baseConfigurationReference = 3A4295975D50EE83ED30BCF6 /* Pods-PictureSearchTests.release.xcconfig */;
			buildSettings = {
				BUNDLE_LOADER = "$(TEST_HOST)";
				INFOPLIST_FILE = PictureSearchTests/Info.plist;
				LD_RUNPATH_SEARCH_PATHS = "$(inherited) @executable_path/Frameworks @loader_path/Frameworks";
				PRODUCT_BUNDLE_IDENTIFIER = JEU.PictureSearchTests;
				PRODUCT_NAME = "$(TARGET_NAME)";
				TEST_HOST = "$(BUILT_PRODUCTS_DIR)/PictureSearch.app/PictureSearch";
			};
			name = Release;
		};
		A746A7851D75F31F0086FE48 /* Debug */ = {
			isa = XCBuildConfiguration;
			baseConfigurationReference = BAAEF61E2DB495AB4BEC01BD /* Pods-PictureSearchUITests.debug.xcconfig */;
			buildSettings = {
				INFOPLIST_FILE = PictureSearchUITests/Info.plist;
				LD_RUNPATH_SEARCH_PATHS = "$(inherited) @executable_path/Frameworks @loader_path/Frameworks";
				PRODUCT_BUNDLE_IDENTIFIER = JEU.PictureSearchUITests;
				PRODUCT_NAME = "$(TARGET_NAME)";
				TEST_TARGET_NAME = PictureSearch;
			};
			name = Debug;
		};
		A746A7861D75F31F0086FE48 /* Release */ = {
			isa = XCBuildConfiguration;
			baseConfigurationReference = 0A524DE06CB049E4F5AD5154 /* Pods-PictureSearchUITests.release.xcconfig */;
			buildSettings = {
				INFOPLIST_FILE = PictureSearchUITests/Info.plist;
				LD_RUNPATH_SEARCH_PATHS = "$(inherited) @executable_path/Frameworks @loader_path/Frameworks";
				PRODUCT_BUNDLE_IDENTIFIER = JEU.PictureSearchUITests;
				PRODUCT_NAME = "$(TARGET_NAME)";
				TEST_TARGET_NAME = PictureSearch;
			};
			name = Release;
		};
/* End XCBuildConfiguration section */

/* Begin XCConfigurationList section */
		A746A74E1D75F31E0086FE48 /* Build configuration list for PBXProject "PictureSearch" */ = {
			isa = XCConfigurationList;
			buildConfigurations = (
				A746A77C1D75F31F0086FE48 /* Debug */,
				A746A77D1D75F31F0086FE48 /* Release */,
			);
			defaultConfigurationIsVisible = 0;
			defaultConfigurationName = Release;
		};
		A746A77E1D75F31F0086FE48 /* Build configuration list for PBXNativeTarget "PictureSearch" */ = {
			isa = XCConfigurationList;
			buildConfigurations = (
				A746A77F1D75F31F0086FE48 /* Debug */,
				A746A7801D75F31F0086FE48 /* Release */,
			);
			defaultConfigurationIsVisible = 0;
			defaultConfigurationName = Release;
		};
		A746A7811D75F31F0086FE48 /* Build configuration list for PBXNativeTarget "PictureSearchTests" */ = {
			isa = XCConfigurationList;
			buildConfigurations = (
				A746A7821D75F31F0086FE48 /* Debug */,
				A746A7831D75F31F0086FE48 /* Release */,
			);
			defaultConfigurationIsVisible = 0;
			defaultConfigurationName = Release;
		};
		A746A7841D75F31F0086FE48 /* Build configuration list for PBXNativeTarget "PictureSearchUITests" */ = {
			isa = XCConfigurationList;
			buildConfigurations = (
				A746A7851D75F31F0086FE48 /* Debug */,
				A746A7861D75F31F0086FE48 /* Release */,
			);
			defaultConfigurationIsVisible = 0;
			defaultConfigurationName = Release;
		};
/* End XCConfigurationList section */

/* Begin XCVersionGroup section */
		A746A75D1D75F31E0086FE48 /* PictureSearch.xcdatamodeld */ = {
			isa = XCVersionGroup;
			children = (
				A746A75E1D75F31E0086FE48 /* PictureSearch.xcdatamodel */,
			);
			currentVersion = A746A75E1D75F31E0086FE48 /* PictureSearch.xcdatamodel */;
			path = PictureSearch.xcdatamodeld;
			sourceTree = "<group>";
			versionGroupType = wrapper.xcdatamodel;
		};
/* End XCVersionGroup section */
	};
	rootObject = A746A74B1D75F31E0086FE48 /* Project object */;
}
